
Microsoft Visual Studio Solution File, Format Version 12.00
# Visual Studio Version 16
VisualStudioVersion = 16.0.29728.190
MinimumVisualStudioVersion = 10.0.40219.1
Project("{FAE04EC0-301F-11D3-BF4B-00C04F79EFBC}") = "MiniStore.Data", "MiniStore.Data\MiniStore.Data.csproj", "{9E4CE6D6-D366-48FE-AAE9-A34B4762D01E}"
EndProject
Project("{FAE04EC0-301F-11D3-BF4B-00C04F79EFBC}") = "MiniStore.Core", "MiniStore.Core\MiniStore.Core.csproj", "{270C8B1B-7842-41D2-975F-45F29D84B32A}"
EndProject
Project("{FAE04EC0-301F-11D3-BF4B-00C04F79EFBC}") = "MiniStore.Api", "MiniStore.Api\MiniStore.Api.csproj", "{271CEAC9-7E63-4118-B35A-7E8A3545C76E}"
EndProject
Project("{FAE04EC0-301F-11D3-BF4B-00C04F79EFBC}") = "MiniStore.Utility", "MiniStore.Utility\MiniStore.Utility.csproj", "{BE3C41A1-4E57-4DD4-8E2F-4172F92E5D06}"
EndProject
Global
	GlobalSection(SolutionConfigurationPlatforms) = preSolution
		Debug|Any CPU = Debug|Any CPU
		Release|Any CPU = Release|Any CPU
	EndGlobalSection
	GlobalSection(ProjectConfigurationPlatforms) = postSolution
		{9E4CE6D6-D366-48FE-AAE9-A34B4762D01E}.Debug|Any CPU.ActiveCfg = Debug|Any CPU
		{9E4CE6D6-D366-48FE-AAE9-A34B4762D01E}.Debug|Any CPU.Build.0 = Debug|Any CPU
		{9E4CE6D6-D366-48FE-AAE9-A34B4762D01E}.Release|Any CPU.ActiveCfg = Release|Any CPU
		{9E4CE6D6-D366-48FE-AAE9-A34B4762D01E}.Release|Any CPU.Build.0 = Release|Any CPU
		{270C8B1B-7842-41D2-975F-45F29D84B32A}.Debug|Any CPU.ActiveCfg = Debug|Any CPU
		{270C8B1B-7842-41D2-975F-45F29D84B32A}.Debug|Any CPU.Build.0 = Debug|Any CPU
		{270C8B1B-7842-41D2-975F-45F29D84B32A}.Release|Any CPU.ActiveCfg = Release|Any CPU
		{270C8B1B-7842-41D2-975F-45F29D84B32A}.Release|Any CPU.Build.0 = Release|Any CPU
		{271CEAC9-7E63-4118-B35A-7E8A3545C76E}.Debug|Any CPU.ActiveCfg = Debug|Any CPU
		{271CEAC9-7E63-4118-B35A-7E8A3545C76E}.Debug|Any CPU.Build.0 = Debug|Any CPU
		{271CEAC9-7E63-4118-B35A-7E8A3545C76E}.Release|Any CPU.ActiveCfg = Release|Any CPU
		{271CEAC9-7E63-4118-B35A-7E8A3545C76E}.Release|Any CPU.Build.0 = Release|Any CPU
		{BE3C41A1-4E57-4DD4-8E2F-4172F92E5D06}.Debug|Any CPU.ActiveCfg = Debug|Any CPU
		{BE3C41A1-4E57-4DD4-8E2F-4172F92E5D06}.Debug|Any CPU.Build.0 = Debug|Any CPU
		{BE3C41A1-4E57-4DD4-8E2F-4172F92E5D06}.Release|Any CPU.ActiveCfg = Release|Any CPU
		{BE3C41A1-4E57-4DD4-8E2F-4172F92E5D06}.Release|Any CPU.Build.0 = Release|Any CPU
	EndGlobalSection
	GlobalSection(SolutionProperties) = preSolution
		HideSolutionNode = FALSE
	EndGlobalSection
	GlobalSection(ExtensibilityGlobals) = postSolution
		SolutionGuid = {CD4F7A74-2402-45F0-875A-CB3B93BF18A1}
	EndGlobalSection
EndGlobal
